PODS:
  - document_scanner (0.0.1):
    - Flutter
  - Flutter (1.0.0)

DEPENDENCIES:
  - document_scanner (from `.symlinks/plugins/document_scanner/ios`)
  - Flutter (from `Flutter`)

EXTERNAL SOURCES:
  document_scanner:
    :path: ".symlinks/plugins/document_scanner/ios"
  Flutter:
    :path: Flutter

SPEC CHECKSUMS:
  document_scanner: 60b69b76e2fb24db7661e912c8b81ff73a9b3250
  Flutter: 0e3d915762c693b495b44d77113d4970485de6ec

PODFILE CHECKSUM: c34e2287a9ccaa606aeceab922830efb9a6ff69a

COCOAPODS: 1.9.3
